// !$*UTF8*$!
{
	archiveVersion = 1;
	classes = {
	};
	objectVersion = 50;
	objects = {

/* Begin PBXBuildFile section */
		143235B524C0BCFA0035101E /* UserData.swift in Sources */ = {isa = PBXBuildFile; fileRef = 143235B424C0BCFA0035101E /* UserData.swift */; };
		143D7B1924BF5BC400ED2D52 /* LandmarkRow.swift in Sources */ = {isa = PBXBuildFile; fileRef = 143D7B1824BF5BC400ED2D52 /* LandmarkRow.swift */; };
		143D7B1B24BF5BF200ED2D52 /* LandmarkList.swift in Sources */ = {isa = PBXBuildFile; fileRef = 143D7B1A24BF5BF200ED2D52 /* LandmarkList.swift */; };
		143D7B2924BF5C1000ED2D52 /* chincoteague.jpg in Resources */ = {isa = PBXBuildFile; fileRef = 143D7B1C24BF5C1000ED2D52 /* chincoteague.jpg */; };
		143D7B2A24BF5C1000ED2D52 /* chilkoottrail.jpg in Resources */ = {isa = PBXBuildFile; fileRef = 143D7B1D24BF5C1000ED2D52 /* chilkoottrail.jpg */; };
		143D7B2B24BF5C1000ED2D52 /* twinlake.jpg in Resources */ = {isa = PBXBuildFile; fileRef = 143D7B1E24BF5C1000ED2D52 /* twinlake.jpg */; };
		143D7B2C24BF5C1000ED2D52 /* turtlerock.jpg in Resources */ = {isa = PBXBuildFile; fileRef = 143D7B1F24BF5C1000ED2D52 /* turtlerock.jpg */; };
		143D7B2D24BF5C1000ED2D52 /* silversalmoncreek.jpg in Resources */ = {isa = PBXBuildFile; fileRef = 143D7B2024BF5C1000ED2D52 /* silversalmoncreek.jpg */; };
		143D7B2E24BF5C1000ED2D52 /* hiddenlake.jpg in Resources */ = {isa = PBXBuildFile; fileRef = 143D7B2124BF5C1000ED2D52 /* hiddenlake.jpg */; };
		143D7B2F24BF5C1000ED2D52 /* lakemcdonald.jpg in Resources */ = {isa = PBXBuildFile; fileRef = 143D7B2224BF5C1000ED2D52 /* lakemcdonald.jpg */; };
		143D7B3024BF5C1000ED2D52 /* yukon_charleyrivers.jpg in Resources */ = {isa = PBXBuildFile; fileRef = 143D7B2324BF5C1000ED2D52 /* yukon_charleyrivers.jpg */; };
		143D7B3124BF5C1000ED2D52 /* stmarylake.jpg in Resources */ = {isa = PBXBuildFile; fileRef = 143D7B2424BF5C1000ED2D52 /* stmarylake.jpg */; };
		143D7B3224BF5C1000ED2D52 /* rainbowlake.jpg in Resources */ = {isa = PBXBuildFile; fileRef = 143D7B2524BF5C1000ED2D52 /* rainbowlake.jpg */; };
		143D7B3324BF5C1000ED2D52 /* landmarkData.json in Resources */ = {isa = PBXBuildFile; fileRef = 143D7B2624BF5C1000ED2D52 /* landmarkData.json */; };
		143D7B3424BF5C1000ED2D52 /* icybay.jpg in Resources */ = {isa = PBXBuildFile; fileRef = 143D7B2724BF5C1000ED2D52 /* icybay.jpg */; };
		143D7B3524BF5C1000ED2D52 /* umbagog.jpg in Resources */ = {isa = PBXBuildFile; fileRef = 143D7B2824BF5C1000ED2D52 /* umbagog.jpg */; };
		143D7B3824BF5C2C00ED2D52 /* Landmark.swift in Sources */ = {isa = PBXBuildFile; fileRef = 143D7B3624BF5C2C00ED2D52 /* Landmark.swift */; };
		143D7B3924BF5C2C00ED2D52 /* Data.swift in Sources */ = {isa = PBXBuildFile; fileRef = 143D7B3724BF5C2C00ED2D52 /* Data.swift */; };
		148C238724BDABF400FFE744 /* AppDelegate.swift in Sources */ = {isa = PBXBuildFile; fileRef = 148C238624BDABF400FFE744 /* AppDelegate.swift */; };
		148C238924BDABF400FFE744 /* SceneDelegate.swift in Sources */ = {isa = PBXBuildFile; fileRef = 148C238824BDABF400FFE744 /* SceneDelegate.swift */; };
		148C238C24BDABF400FFE744 /* SwiftBasics.xcdatamodeld in Sources */ = {isa = PBXBuildFile; fileRef = 148C238A24BDABF400FFE744 /* SwiftBasics.xcdatamodeld */; };
		148C238E24BDABF400FFE744 /* LandmarkDetail.swift in Sources */ = {isa = PBXBuildFile; fileRef = 148C238D24BDABF400FFE744 /* LandmarkDetail.swift */; };
		148C239024BDABF500FFE744 /* Assets.xcassets in Resources */ = {isa = PBXBuildFile; fileRef = 148C238F24BDABF500FFE744 /* Assets.xcassets */; };
		148C239324BDABF500FFE744 /* Preview Assets.xcassets in Resources */ = {isa = PBXBuildFile; fileRef = 148C239224BDABF500FFE744 /* Preview Assets.xcassets */; };
		148C239624BDABF500FFE744 /* LaunchScreen.storyboard in Resources */ = {isa = PBXBuildFile; fileRef = 148C239424BDABF500FFE744 /* LaunchScreen.storyboard */; };
		148C23A124BDABF500FFE744 /* SwiftBasicsTests.swift in Sources */ = {isa = PBXBuildFile; fileRef = 148C23A024BDABF500FFE744 /* SwiftBasicsTests.swift */; };
		148C23AC24BDABF500FFE744 /* SwiftBasicsUITests.swift in Sources */ = {isa = PBXBuildFile; fileRef = 148C23AB24BDABF500FFE744 /* SwiftBasicsUITests.swift */; };
		148C23BA24BDB6E400FFE744 /* Playgrount in Resources */ = {isa = PBXBuildFile; fileRef = 148C23B924BDB6E400FFE744 /* Playgrount */; };
		14BEA5F624BDD04500C98623 /* CircleImage.swift in Sources */ = {isa = PBXBuildFile; fileRef = 14BEA5F524BDD04500C98623 /* CircleImage.swift */; };
		14BEA5F824BDFBCF00C98623 /* MapView.swift in Sources */ = {isa = PBXBuildFile; fileRef = 14BEA5F724BDFBCF00C98623 /* MapView.swift */; };
		14BEA5FC24BE264700C98623 /* Models in Resources */ = {isa = PBXBuildFile; fileRef = 14BEA5FB24BE264700C98623 /* Models */; };
/* End PBXBuildFile section */

/* Begin PBXContainerItemProxy section */
		148C239D24BDABF500FFE744 /* PBXContainerItemProxy */ = {
			isa = PBXContainerItemProxy;
			containerPortal = 148C237B24BDABF400FFE744 /* Project object */;
			proxyType = 1;
			remoteGlobalIDString = 148C238224BDABF400FFE744;
			remoteInfo = SwiftBasics;
		};
		148C23A824BDABF500FFE744 /* PBXContainerItemProxy */ = {
			isa = PBXContainerItemProxy;
			containerPortal = 148C237B24BDABF400FFE744 /* Project object */;
			proxyType = 1;
			remoteGlobalIDString = 148C238224BDABF400FFE744;
			remoteInfo = SwiftBasics;
		};
/* End PBXContainerItemProxy section */

/* Begin PBXFileReference section */
		143235B424C0BCFA0035101E /* UserData.swift */ = {isa = PBXFileReference; lastKnownFileType = sourcecode.swift; path = UserData.swift; sourceTree = "<group>"; };
		143D7B1824BF5BC400ED2D52 /* LandmarkRow.swift */ = {isa = PBXFileReference; fileEncoding = 4; lastKnownFileType = sourcecode.swift; path = LandmarkRow.swift; sourceTree = "<group>"; };
		143D7B1A24BF5BF200ED2D52 /* LandmarkList.swift */ = {isa = PBXFileReference; fileEncoding = 4; lastKnownFileType = sourcecode.swift; path = LandmarkList.swift; sourceTree = "<group>"; };
		143D7B1C24BF5C1000ED2D52 /* chincoteague.jpg */ = {isa = PBXFileReference; lastKnownFileType = image.jpeg; path = chincoteague.jpg; sourceTree = "<group>"; };
		143D7B1D24BF5C1000ED2D52 /* chilkoottrail.jpg */ = {isa = PBXFileReference; lastKnownFileType = image.jpeg; path = chilkoottrail.jpg; sourceTree = "<group>"; };
		143D7B1E24BF5C1000ED2D52 /* twinlake.jpg */ = {isa = PBXFileReference; lastKnownFileType = image.jpeg; path = twinlake.jpg; sourceTree = "<group>"; };
		143D7B1F24BF5C1000ED2D52 /* turtlerock.jpg */ = {isa = PBXFileReference; lastKnownFileType = image.jpeg; path = turtlerock.jpg; sourceTree = "<group>"; };
		143D7B2024BF5C1000ED2D52 /* silversalmoncreek.jpg */ = {isa = PBXFileReference; lastKnownFileType = image.jpeg; path = silversalmoncreek.jpg; sourceTree = "<group>"; };
		143D7B2124BF5C1000ED2D52 /* hiddenlake.jpg */ = {isa = PBXFileReference; lastKnownFileType = image.jpeg; path = hiddenlake.jpg; sourceTree = "<group>"; };
		143D7B2224BF5C1000ED2D52 /* lakemcdonald.jpg */ = {isa = PBXFileReference; lastKnownFileType = image.jpeg; path = lakemcdonald.jpg; sourceTree = "<group>"; };
		143D7B2324BF5C1000ED2D52 /* yukon_charleyrivers.jpg */ = {isa = PBXFileReference; lastKnownFileType = image.jpeg; path = yukon_charleyrivers.jpg; sourceTree = "<group>"; };
		143D7B2424BF5C1000ED2D52 /* stmarylake.jpg */ = {isa = PBXFileReference; lastKnownFileType = image.jpeg; path = stmarylake.jpg; sourceTree = "<group>"; };
		143D7B2524BF5C1000ED2D52 /* rainbowlake.jpg */ = {isa = PBXFileReference; lastKnownFileType = image.jpeg; path = rainbowlake.jpg; sourceTree = "<group>"; };
		143D7B2624BF5C1000ED2D52 /* landmarkData.json */ = {isa = PBXFileReference; fileEncoding = 4; lastKnownFileType = text.json; path = landmarkData.json; sourceTree = "<group>"; };
		143D7B2724BF5C1000ED2D52 /* icybay.jpg */ = {isa = PBXFileReference; lastKnownFileType = image.jpeg; path = icybay.jpg; sourceTree = "<group>"; };
		143D7B2824BF5C1000ED2D52 /* umbagog.jpg */ = {isa = PBXFileReference; lastKnownFileType = image.jpeg; path = umbagog.jpg; sourceTree = "<group>"; };
		143D7B3624BF5C2C00ED2D52 /* Landmark.swift */ = {isa = PBXFileReference; fileEncoding = 4; lastKnownFileType = sourcecode.swift; path = Landmark.swift; sourceTree = "<group>"; };
		143D7B3724BF5C2C00ED2D52 /* Data.swift */ = {isa = PBXFileReference; fileEncoding = 4; lastKnownFileType = sourcecode.swift; path = Data.swift; sourceTree = "<group>"; };
		148C238324BDABF400FFE744 /* SwiftBasics.app */ = {isa = PBXFileReference; explicitFileType = wrapper.application; includeInIndex = 0; path = SwiftBasics.app; sourceTree = BUILT_PRODUCTS_DIR; };
		148C238624BDABF400FFE744 /* AppDelegate.swift */ = {isa = PBXFileReference; lastKnownFileType = sourcecode.swift; path = AppDelegate.swift; sourceTree = "<group>"; };
		148C238824BDABF400FFE744 /* SceneDelegate.swift */ = {isa = PBXFileReference; lastKnownFileType = sourcecode.swift; path = SceneDelegate.swift; sourceTree = "<group>"; };
		148C238B24BDABF400FFE744 /* SwiftBasics.xcdatamodel */ = {isa = PBXFileReference; lastKnownFileType = wrapper.xcdatamodel; path = SwiftBasics.xcdatamodel; sourceTree = "<group>"; };
		148C238D24BDABF400FFE744 /* LandmarkDetail.swift */ = {isa = PBXFileReference; lastKnownFileType = sourcecode.swift; path = LandmarkDetail.swift; sourceTree = "<group>"; };
		148C238F24BDABF500FFE744 /* Assets.xcassets */ = {isa = PBXFileReference; lastKnownFileType = folder.assetcatalog; path = Assets.xcassets; sourceTree = "<group>"; };
		148C239224BDABF500FFE744 /* Preview Assets.xcassets */ = {isa = PBXFileReference; lastKnownFileType = folder.assetcatalog; path = "Preview Assets.xcassets"; sourceTree = "<group>"; };
		148C239524BDABF500FFE744 /* Base */ = {isa = PBXFileReference; lastKnownFileType = file.storyboard; name = Base; path = Base.lproj/LaunchScreen.storyboard; sourceTree = "<group>"; };
		148C239724BDABF500FFE744 /* Info.plist */ = {isa = PBXFileReference; lastKnownFileType = text.plist.xml; path = Info.plist; sourceTree = "<group>"; };
		148C239C24BDABF500FFE744 /* SwiftBasicsTests.xctest */ = {isa = PBXFileReference; explicitFileType = wrapper.cfbundle; includeInIndex = 0; path = SwiftBasicsTests.xctest; sourceTree = BUILT_PRODUCTS_DIR; };
		148C23A024BDABF500FFE744 /* SwiftBasicsTests.swift */ = {isa = PBXFileReference; lastKnownFileType = sourcecode.swift; path = SwiftBasicsTests.swift; sourceTree = "<group>"; };
		148C23A224BDABF500FFE744 /* Info.plist */ = {isa = PBXFileReference; lastKnownFileType = text.plist.xml; path = Info.plist; sourceTree = "<group>"; };
		148C23A724BDABF500FFE744 /* SwiftBasicsUITests.xctest */ = {isa = PBXFileReference; explicitFileType = wrapper.cfbundle; includeInIndex = 0; path = SwiftBasicsUITests.xctest; sourceTree = BUILT_PRODUCTS_DIR; };
		148C23AB24BDABF500FFE744 /* SwiftBasicsUITests.swift */ = {isa = PBXFileReference; lastKnownFileType = sourcecode.swift; path = SwiftBasicsUITests.swift; sourceTree = "<group>"; };
		148C23AD24BDABF500FFE744 /* Info.plist */ = {isa = PBXFileReference; lastKnownFileType = text.plist.xml; name = Info.plist; path = SwiftBasicsUITests/Info.plist; sourceTree = SOURCE_ROOT; };
		148C23B924BDB6E400FFE744 /* Playgrount */ = {isa = PBXFileReference; lastKnownFileType = text; path = Playgrount; sourceTree = "<group>"; };
		14BEA5F524BDD04500C98623 /* CircleImage.swift */ = {isa = PBXFileReference; lastKnownFileType = sourcecode.swift; path = CircleImage.swift; sourceTree = "<group>"; };
		14BEA5F724BDFBCF00C98623 /* MapView.swift */ = {isa = PBXFileReference; lastKnownFileType = sourcecode.swift; path = MapView.swift; sourceTree = "<group>"; };
		14BEA5FB24BE264700C98623 /* Models */ = {isa = PBXFileReference; lastKnownFileType = folder; name = Models; path = ../../../Downloads/BuildingListsAndNavigation/StartingPoint/Landmarks/Landmarks/Models; sourceTree = "<group>"; };
/* End PBXFileReference section */

/* Begin PBXFrameworksBuildPhase section */
		148C238024BDABF400FFE744 /* Frameworks */ = {
			isa = PBXFrameworksBuildPhase;
			buildActionMask = 2147483647;
			files = (
			);
			runOnlyForDeploymentPostprocessing = 0;
		};
		148C239924BDABF500FFE744 /* Frameworks */ = {
			isa = PBXFrameworksBuildPhase;
			buildActionMask = 2147483647;
			files = (
			);
			runOnlyForDeploymentPostprocessing = 0;
		};
		148C23A424BDABF500FFE744 /* Frameworks */ = {
			isa = PBXFrameworksBuildPhase;
			buildActionMask = 2147483647;
			files = (
			);
			runOnlyForDeploymentPostprocessing = 0;
		};
/* End PBXFrameworksBuildPhase section */

/* Begin PBXGroup section */
		148C237A24BDABF400FFE744 = {
			isa = PBXGroup;
			children = (
				143235B424C0BCFA0035101E /* UserData.swift */,
				148C238524BDABF400FFE744 /* SwiftBasics */,
				148C239F24BDABF500FFE744 /* SwiftBasicsTests */,
				148C23AA24BDABF500FFE744 /* SwiftBasicsUITests */,
				148C238424BDABF400FFE744 /* Products */,
			);
			sourceTree = "<group>";
		};
		148C238424BDABF400FFE744 /* Products */ = {
			isa = PBXGroup;
			children = (
				148C238324BDABF400FFE744 /* SwiftBasics.app */,
				148C239C24BDABF500FFE744 /* SwiftBasicsTests.xctest */,
				148C23A724BDABF500FFE744 /* SwiftBasicsUITests.xctest */,
			);
			name = Products;
			sourceTree = "<group>";
		};
		148C238524BDABF400FFE744 /* SwiftBasics */ = {
			isa = PBXGroup;
			children = (
				143D7B3724BF5C2C00ED2D52 /* Data.swift */,
				143D7B3624BF5C2C00ED2D52 /* Landmark.swift */,
				143D7B1D24BF5C1000ED2D52 /* chilkoottrail.jpg */,
				143D7B1C24BF5C1000ED2D52 /* chincoteague.jpg */,
				143D7B2124BF5C1000ED2D52 /* hiddenlake.jpg */,
				143D7B2724BF5C1000ED2D52 /* icybay.jpg */,
				143D7B2224BF5C1000ED2D52 /* lakemcdonald.jpg */,
				143D7B2624BF5C1000ED2D52 /* landmarkData.json */,
				143D7B2524BF5C1000ED2D52 /* rainbowlake.jpg */,
				143D7B2024BF5C1000ED2D52 /* silversalmoncreek.jpg */,
				143D7B2424BF5C1000ED2D52 /* stmarylake.jpg */,
				143D7B1F24BF5C1000ED2D52 /* turtlerock.jpg */,
				143D7B1E24BF5C1000ED2D52 /* twinlake.jpg */,
				143D7B2824BF5C1000ED2D52 /* umbagog.jpg */,
				143D7B2324BF5C1000ED2D52 /* yukon_charleyrivers.jpg */,
				143D7B1A24BF5BF200ED2D52 /* LandmarkList.swift */,
				143D7B1824BF5BC400ED2D52 /* LandmarkRow.swift */,
				14BEA5FB24BE264700C98623 /* Models */,
				148C238624BDABF400FFE744 /* AppDelegate.swift */,
				148C238824BDABF400FFE744 /* SceneDelegate.swift */,
				148C238D24BDABF400FFE744 /* LandmarkDetail.swift */,
				148C238F24BDABF500FFE744 /* Assets.xcassets */,
				148C239424BDABF500FFE744 /* LaunchScreen.storyboard */,
				148C239724BDABF500FFE744 /* Info.plist */,
				148C238A24BDABF400FFE744 /* SwiftBasics.xcdatamodeld */,
				148C239124BDABF500FFE744 /* Preview Content */,
				148C23B924BDB6E400FFE744 /* Playgrount */,
				14BEA5F524BDD04500C98623 /* CircleImage.swift */,
				14BEA5F724BDFBCF00C98623 /* MapView.swift */,
				148C23AD24BDABF500FFE744 /* Info.plist */,
			);
			path = SwiftBasics;
			sourceTree = "<group>";
		};
		148C239124BDABF500FFE744 /* Preview Content */ = {
			isa = PBXGroup;
			children = (
				148C239224BDABF500FFE744 /* Preview Assets.xcassets */,
			);
			path = "Preview Content";
			sourceTree = "<group>";
		};
		148C239F24BDABF500FFE744 /* SwiftBasicsTests */ = {
			isa = PBXGroup;
			children = (
				148C23A024BDABF500FFE744 /* SwiftBasicsTests.swift */,
				148C23A224BDABF500FFE744 /* Info.plist */,
			);
			path = SwiftBasicsTests;
			sourceTree = "<group>";
		};
		148C23AA24BDABF500FFE744 /* SwiftBasicsUITests */ = {
			isa = PBXGroup;
			children = (
				148C23AB24BDABF500FFE744 /* SwiftBasicsUITests.swift */,
			);
			path = SwiftBasicsUITests;
			sourceTree = "<group>";
		};
/* End PBXGroup section */

/* Begin PBXNativeTarget section */
		148C238224BDABF400FFE744 /* SwiftBasics */ = {
			isa = PBXNativeTarget;
			buildConfigurationList = 148C23B024BDABF500FFE744 /* Build configuration list for PBXNativeTarget "SwiftBasics" */;
			buildPhases = (
				148C237F24BDABF400FFE744 /* Sources */,
				148C238024BDABF400FFE744 /* Frameworks */,
				148C238124BDABF400FFE744 /* Resources */,
			);
			buildRules = (
			);
			dependencies = (
			);
			name = SwiftBasics;
			productName = SwiftBasics;
			productReference = 148C238324BDABF400FFE744 /* SwiftBasics.app */;
			productType = "com.apple.product-type.application";
		};
		148C239B24BDABF500FFE744 /* SwiftBasicsTests */ = {
			isa = PBXNativeTarget;
			buildConfigurationList = 148C23B324BDABF500FFE744 /* Build configuration list for PBXNativeTarget "SwiftBasicsTests" */;
			buildPhases = (
				148C239824BDABF500FFE744 /* Sources */,
				148C239924BDABF500FFE744 /* Frameworks */,
				148C239A24BDABF500FFE744 /* Resources */,
			);
			buildRules = (
			);
			dependencies = (
				148C239E24BDABF500FFE744 /* PBXTargetDependency */,
			);
			name = SwiftBasicsTests;
			productName = SwiftBasicsTests;
			productReference = 148C239C24BDABF500FFE744 /* SwiftBasicsTests.xctest */;
			productType = "com.apple.product-type.bundle.unit-test";
		};
		148C23A624BDABF500FFE744 /* SwiftBasicsUITests */ = {
			isa = PBXNativeTarget;
			buildConfigurationList = 148C23B624BDABF500FFE744 /* Build configuration list for PBXNativeTarget "SwiftBasicsUITests" */;
			buildPhases = (
				148C23A324BDABF500FFE744 /* Sources */,
				148C23A424BDABF500FFE744 /* Frameworks */,
				148C23A524BDABF500FFE744 /* Resources */,
			);
			buildRules = (
			);
			dependencies = (
				148C23A924BDABF500FFE744 /* PBXTargetDependency */,
			);
			name = SwiftBasicsUITests;
			productName = SwiftBasicsUITests;
			productReference = 148C23A724BDABF500FFE744 /* SwiftBasicsUITests.xctest */;
			productType = "com.apple.product-type.bundle.ui-testing";
		};
/* End PBXNativeTarget section */

/* Begin PBXProject section */
		148C237B24BDABF400FFE744 /* Project object */ = {
			isa = PBXProject;
			attributes = {
				LastSwiftUpdateCheck = 1150;
				LastUpgradeCheck = 1150;
				ORGANIZATIONNAME = "Rodion Prosvirnin";
				TargetAttributes = {
					148C238224BDABF400FFE744 = {
						CreatedOnToolsVersion = 11.5;
					};
					148C239B24BDABF500FFE744 = {
						CreatedOnToolsVersion = 11.5;
						TestTargetID = 148C238224BDABF400FFE744;
					};
					148C23A624BDABF500FFE744 = {
						CreatedOnToolsVersion = 11.5;
						TestTargetID = 148C238224BDABF400FFE744;
					};
				};
			};
			buildConfigurationList = 148C237E24BDABF400FFE744 /* Build configuration list for PBXProject "SwiftBasics" */;
			compatibilityVersion = "Xcode 9.3";
			developmentRegion = en;
			hasScannedForEncodings = 0;
			knownRegions = (
				en,
				Base,
			);
			mainGroup = 148C237A24BDABF400FFE744;
			productRefGroup = 148C238424BDABF400FFE744 /* Products */;
			projectDirPath = "";
			projectRoot = "";
			targets = (
				148C238224BDABF400FFE744 /* SwiftBasics */,
				148C239B24BDABF500FFE744 /* SwiftBasicsTests */,
				148C23A624BDABF500FFE744 /* SwiftBasicsUITests */,
			);
		};
/* End PBXProject section */

/* Begin PBXResourcesBuildPhase section */
		148C238124BDABF400FFE744 /* Resources */ = {
			isa = PBXResourcesBuildPhase;
			buildActionMask = 2147483647;
			files = (
				143D7B2924BF5C1000ED2D52 /* chincoteague.jpg in Resources */,
				143D7B3224BF5C1000ED2D52 /* rainbowlake.jpg in Resources */,
				14BEA5FC24BE264700C98623 /* Models in Resources */,
				143D7B2C24BF5C1000ED2D52 /* turtlerock.jpg in Resources */,
				143D7B2B24BF5C1000ED2D52 /* twinlake.jpg in Resources */,
				143D7B2A24BF5C1000ED2D52 /* chilkoottrail.jpg in Resources */,
				143D7B3524BF5C1000ED2D52 /* umbagog.jpg in Resources */,
				143D7B2E24BF5C1000ED2D52 /* hiddenlake.jpg in Resources */,
				143D7B3124BF5C1000ED2D52 /* stmarylake.jpg in Resources */,
				143D7B2F24BF5C1000ED2D52 /* lakemcdonald.jpg in Resources */,
				143D7B2D24BF5C1000ED2D52 /* silversalmoncreek.jpg in Resources */,
				148C239624BDABF500FFE744 /* LaunchScreen.storyboard in Resources */,
				148C239324BDABF500FFE744 /* Preview Assets.xcassets in Resources */,
				143D7B3424BF5C1000ED2D52 /* icybay.jpg in Resources */,
				148C239024BDABF500FFE744 /* Assets.xcassets in Resources */,
				143D7B3324BF5C1000ED2D52 /* landmarkData.json in Resources */,
				148C23BA24BDB6E400FFE744 /* Playgrount in Resources */,
				143D7B3024BF5C1000ED2D52 /* yukon_charleyrivers.jpg in Resources */,
			);
			runOnlyForDeploymentPostprocessing = 0;
		};
		148C239A24BDABF500FFE744 /* Resources */ = {
			isa = PBXResourcesBuildPhase;
			buildActionMask = 2147483647;
			files = (
			);
			runOnlyForDeploymentPostprocessing = 0;
		};
		148C23A524BDABF500FFE744 /* Resources */ = {
			isa = PBXResourcesBuildPhase;
			buildActionMask = 2147483647;
			files = (
			);
			runOnlyForDeploymentPostprocessing = 0;
		};
/* End PBXResourcesBuildPhase section */

/* Begin PBXSourcesBuildPhase section */
		148C237F24BDABF400FFE744 /* Sources */ = {
			isa = PBXSourcesBuildPhase;
			buildActionMask = 2147483647;
			files = (
				148C238724BDABF400FFE744 /* AppDelegate.swift in Sources */,
				143D7B3924BF5C2C00ED2D52 /* Data.swift in Sources */,
				14BEA5F824BDFBCF00C98623 /* MapView.swift in Sources */,
				148C238C24BDABF400FFE744 /* SwiftBasics.xcdatamodeld in Sources */,
				143D7B1B24BF5BF200ED2D52 /* LandmarkList.swift in Sources */,
				143235B524C0BCFA0035101E /* UserData.swift in Sources */,
				148C238E24BDABF400FFE744 /* LandmarkDetail.swift in Sources */,
				143D7B3824BF5C2C00ED2D52 /* Landmark.swift in Sources */,
				148C238924BDABF400FFE744 /* SceneDelegate.swift in Sources */,
				143D7B1924BF5BC400ED2D52 /* LandmarkRow.swift in Sources */,
				14BEA5F624BDD04500C98623 /* CircleImage.swift in Sources */,
			);
			runOnlyForDeploymentPostprocessing = 0;
		};
		148C239824BDABF500FFE744 /* Sources */ = {
			isa = PBXSourcesBuildPhase;
			buildActionMask = 2147483647;
			files = (
				148C23A124BDABF500FFE744 /* SwiftBasicsTests.swift in Sources */,
			);
			runOnlyForDeploymentPostprocessing = 0;
		};
		148C23A324BDABF500FFE744 /* Sources */ = {
			isa = PBXSourcesBuildPhase;
			buildActionMask = 2147483647;
			files = (
				148C23AC24BDABF500FFE744 /* SwiftBasicsUITests.swift in Sources */,
			);
			runOnlyForDeploymentPostprocessing = 0;
		};
/* End PBXSourcesBuildPhase section */

/* Begin PBXTargetDependency section */
		148C239E24BDABF500FFE744 /* PBXTargetDependency */ = {
			isa = PBXTargetDependency;
			target = 148C238224BDABF400FFE744 /* SwiftBasics */;
			targetProxy = 148C239D24BDABF500FFE744 /* PBXContainerItemProxy */;
		};
		148C23A924BDABF500FFE744 /* PBXTargetDependency */ = {
			isa = PBXTargetDependency;
			target = 148C238224BDABF400FFE744 /* SwiftBasics */;
			targetProxy = 148C23A824BDABF500FFE744 /* PBXContainerItemProxy */;
		};
/* End PBXTargetDependency section */

/* Begin PBXVariantGroup section */
		148C239424BDABF500FFE744 /* LaunchScreen.storyboard */ = {
			isa = PBXVariantGroup;
			children = (
				148C239524BDABF500FFE744 /* Base */,
			);
			name = LaunchScreen.storyboard;
			sourceTree = "<group>";
		};
/* End PBXVariantGroup section */

/* Begin XCBuildConfiguration section */
		148C23AE24BDABF500FFE744 /* Debug */ = {
			isa = XCBuildConfiguration;
			buildSettings = {
				ALWAYS_SEARCH_USER_PATHS = NO;
				CLANG_ANALYZER_NONNULL = YES;
				CLANG_ANALYZER_NUMBER_OBJECT_CONVERSION = YES_AGGRESSIVE;
				CLANG_CXX_LANGUAGE_STANDARD = "gnu++14";
				CLANG_CXX_LIBRARY = "libc++";
				CLANG_ENABLE_MODULES = YES;
				CLANG_ENABLE_OBJC_ARC = YES;
				CLANG_ENABLE_OBJC_WEAK = YES;
				CLANG_WARN_BLOCK_CAPTURE_AUTORELEASING = YES;
				CLANG_WARN_BOOL_CONVERSION = YES;
				CLANG_WARN_COMMA = YES;
				CLANG_WARN_CONSTANT_CONVERSION = YES;
				CLANG_WARN_DEPRECATED_OBJC_IMPLEMENTATIONS = YES;
				CLANG_WARN_DIRECT_OBJC_ISA_USAGE = YES_ERROR;
				CLANG_WARN_DOCUMENTATION_COMMENTS = YES;
				CLANG_WARN_EMPTY_BODY = YES;
				CLANG_WARN_ENUM_CONVERSION = YES;
				CLANG_WARN_INFINITE_RECURSION = YES;
				CLANG_WARN_INT_CONVERSION = YES;
				CLANG_WARN_NON_LITERAL_NULL_CONVERSION = YES;
				CLANG_WARN_OBJC_IMPLICIT_RETAIN_SELF = YES;
				CLANG_WARN_OBJC_LITERAL_CONVERSION = YES;
				CLANG_WARN_OBJC_ROOT_CLASS = YES_ERROR;
				CLANG_WARN_RANGE_LOOP_ANALYSIS = YES;
				CLANG_WARN_STRICT_PROTOTYPES = YES;
				CLANG_WARN_SUSPICIOUS_MOVE = YES;
				CLANG_WARN_UNGUARDED_AVAILABILITY = YES_AGGRESSIVE;
				CLANG_WARN_UNREACHABLE_CODE = YES;
				CLANG_WARN__DUPLICATE_METHOD_MATCH = YES;
				COPY_PHASE_STRIP = NO;
				DEBUG_INFORMATION_FORMAT = dwarf;
				ENABLE_STRICT_OBJC_MSGSEND = YES;
				ENABLE_TESTABILITY = YES;
				GCC_C_LANGUAGE_STANDARD = gnu11;
				GCC_DYNAMIC_NO_PIC = NO;
				GCC_NO_COMMON_BLOCKS = YES;
				GCC_OPTIMIZATION_LEVEL = 0;
				GCC_PREPROCESSOR_DEFINITIONS = (
					"DEBUG=1",
					"$(inherited)",
				);
				GCC_WARN_64_TO_32_BIT_CONVERSION = YES;
				GCC_WARN_ABOUT_RETURN_TYPE = YES_ERROR;
				GCC_WARN_UNDECLARED_SELECTOR = YES;
				GCC_WARN_UNINITIALIZED_AUTOS = YES_AGGRESSIVE;
				GCC_WARN_UNUSED_FUNCTION = YES;
				GCC_WARN_UNUSED_VARIABLE = YES;
				IPHONEOS_DEPLOYMENT_TARGET = 13.5;
				MTL_ENABLE_DEBUG_INFO = INCLUDE_SOURCE;
				MTL_FAST_MATH = YES;
				ONLY_ACTIVE_ARCH = YES;
				SDKROOT = iphoneos;
				SWIFT_ACTIVE_COMPILATION_CONDITIONS = DEBUG;
				SWIFT_OPTIMIZATION_LEVEL = "-Onone";
			};
			name = Debug;
		};
		148C23AF24BDABF500FFE744 /* Release */ = {
			isa = XCBuildConfiguration;
			buildSettings = {
				ALWAYS_SEARCH_USER_PATHS = NO;
				CLANG_ANALYZER_NONNULL = YES;
				CLANG_ANALYZER_NUMBER_OBJECT_CONVERSION = YES_AGGRESSIVE;
				CLANG_CXX_LANGUAGE_STANDARD = "gnu++14";
				CLANG_CXX_LIBRARY = "libc++";
				CLANG_ENABLE_MODULES = YES;
				CLANG_ENABLE_OBJC_ARC = YES;
				CLANG_ENABLE_OBJC_WEAK = YES;
				CLANG_WARN_BLOCK_CAPTURE_AUTORELEASING = YES;
				CLANG_WARN_BOOL_CONVERSION = YES;
				CLANG_WARN_COMMA = YES;
				CLANG_WARN_CONSTANT_CONVERSION = YES;
				CLANG_WARN_DEPRECATED_OBJC_IMPLEMENTATIONS = YES;
				CLANG_WARN_DIRECT_OBJC_ISA_USAGE = YES_ERROR;
				CLANG_WARN_DOCUMENTATION_COMMENTS = YES;
				CLANG_WARN_EMPTY_BODY = YES;
				CLANG_WARN_ENUM_CONVERSION = YES;
				CLANG_WARN_INFINITE_RECURSION = YES;
				CLANG_WARN_INT_CONVERSION = YES;
				CLANG_WARN_NON_LITERAL_NULL_CONVERSION = YES;
				CLANG_WARN_OBJC_IMPLICIT_RETAIN_SELF = YES;
				CLANG_WARN_OBJC_LITERAL_CONVERSION = YES;
				CLANG_WARN_OBJC_ROOT_CLASS = YES_ERROR;
				CLANG_WARN_RANGE_LOOP_ANALYSIS = YES;
				CLANG_WARN_STRICT_PROTOTYPES = YES;
				CLANG_WARN_SUSPICIOUS_MOVE = YES;
				CLANG_WARN_UNGUARDED_AVAILABILITY = YES_AGGRESSIVE;
				CLANG_WARN_UNREACHABLE_CODE = YES;
				CLANG_WARN__DUPLICATE_METHOD_MATCH = YES;
				COPY_PHASE_STRIP = NO;
				DEBUG_INFORMATION_FORMAT = "dwarf-with-dsym";
				ENABLE_NS_ASSERTIONS = NO;
				ENABLE_STRICT_OBJC_MSGSEND = YES;
				GCC_C_LANGUAGE_STANDARD = gnu11;
				GCC_NO_COMMON_BLOCKS = YES;
				GCC_WARN_64_TO_32_BIT_CONVERSION = YES;
				GCC_WARN_ABOUT_RETURN_TYPE = YES_ERROR;
				GCC_WARN_UNDECLARED_SELECTOR = YES;
				GCC_WARN_UNINITIALIZED_AUTOS = YES_AGGRESSIVE;
				GCC_WARN_UNUSED_FUNCTION = YES;
				GCC_WARN_UNUSED_VARIABLE = YES;
				IPHONEOS_DEPLOYMENT_TARGET = 13.5;
				MTL_ENABLE_DEBUG_INFO = NO;
				MTL_FAST_MATH = YES;
				SDKROOT = iphoneos;
				SWIFT_COMPILATION_MODE = wholemodule;
				SWIFT_OPTIMIZATION_LEVEL = "-O";
				VALIDATE_PRODUCT = YES;
			};
			name = Release;
		};
		148C23B124BDABF500FFE744 /* Debug */ = {
			isa = XCBuildConfiguration;
			buildSettings = {
				ASSETCATALOG_COMPILER_APPICON_NAME = AppIcon;
				CODE_SIGN_STYLE = Automatic;
				DEVELOPMENT_ASSET_PATHS = "\"SwiftBasics/Preview Content\"";
				DEVELOPMENT_TEAM = 7LU9NRX5C4;
				ENABLE_PREVIEWS = YES;
				INFOPLIST_FILE = SwiftBasics/Info.plist;
				IPHONEOS_DEPLOYMENT_TARGET = 13.5;
				LD_RUNPATH_SEARCH_PATHS = (
					"$(inherited)",
					"@executable_path/Frameworks",
				);
				PRODUCT_BUNDLE_IDENTIFIER = dev.rodni.ru.SwiftBasics;
				PRODUCT_NAME = "$(TARGET_NAME)";
				SWIFT_VERSION = 5.0;
				TARGETED_DEVICE_FAMILY = "1,2";
			};
			name = Debug;
		};
		148C23B224BDABF500FFE744 /* Release */ = {
			isa = XCBuildConfiguration;
			buildSettings = {
				ASSETCATALOG_COMPILER_APPICON_NAME = AppIcon;
				CODE_SIGN_STYLE = Automatic;
				DEVELOPMENT_ASSET_PATHS = "\"SwiftBasics/Preview Content\"";
				DEVELOPMENT_TEAM = 7LU9NRX5C4;
				ENABLE_PREVIEWS = YES;
				INFOPLIST_FILE = SwiftBasics/Info.plist;
				IPHONEOS_DEPLOYMENT_TARGET = 13.5;
				LD_RUNPATH_SEARCH_PATHS = (
					"$(inherited)",
					"@executable_path/Frameworks",
				);
				PRODUCT_BUNDLE_IDENTIFIER = dev.rodni.ru.SwiftBasics;
				PRODUCT_NAME = "$(TARGET_NAME)";
				SWIFT_VERSION = 5.0;
				TARGETED_DEVICE_FAMILY = "1,2";
			};
			name = Release;
		};
		148C23B424BDABF500FFE744 /* Debug */ = {
			isa = XCBuildConfiguration;
			buildSettings = {
				ALWAYS_EMBED_SWIFT_STANDARD_LIBRARIES = YES;
				BUNDLE_LOADER = "$(TEST_HOST)";
				CODE_SIGN_STYLE = Automatic;
				DEVELOPMENT_TEAM = 7LU9NRX5C4;
				INFOPLIST_FILE = SwiftBasicsTests/Info.plist;
				IPHONEOS_DEPLOYMENT_TARGET = 13.5;
				LD_RUNPATH_SEARCH_PATHS = (
					"$(inherited)",
					"@executable_path/Frameworks",
					"@loader_path/Frameworks",
				);
				PRODUCT_BUNDLE_IDENTIFIER = dev.rodni.ru.SwiftBasicsTests;
				PRODUCT_NAME = "$(TARGET_NAME)";
				SWIFT_VERSION = 5.0;
				TARGETED_DEVICE_FAMILY = "1,2";
				TEST_HOST = "$(BUILT_PRODUCTS_DIR)/SwiftBasics.app/SwiftBasics";
			};
			name = Debug;
		};
		148C23B524BDABF500FFE744 /* Release */ = {
			isa = XCBuildConfiguration;
			buildSettings = {
				ALWAYS_EMBED_SWIFT_STANDARD_LIBRARIES = YES;
				BUNDLE_LOADER = "$(TEST_HOST)";
				CODE_SIGN_STYLE = Automatic;
				DEVELOPMENT_TEAM = 7LU9NRX5C4;
				INFOPLIST_FILE = SwiftBasicsTests/Info.plist;
				IPHONEOS_DEPLOYMENT_TARGET = 13.5;
				LD_RUNPATH_SEARCH_PATHS = (
					"$(inherited)",
					"@executable_path/Frameworks",
					"@loader_path/Frameworks",
				);
				PRODUCT_BUNDLE_IDENTIFIER = dev.rodni.ru.SwiftBasicsTests;
				PRODUCT_NAME = "$(TARGET_NAME)";
				SWIFT_VERSION = 5.0;
				TARGETED_DEVICE_FAMILY = "1,2";
				TEST_HOST = "$(BUILT_PRODUCTS_DIR)/SwiftBasics.app/SwiftBasics";
			};
			name = Release;
		};
		148C23B724BDABF500FFE744 /* Debug */ = {
			isa = XCBuildConfiguration;
			buildSettings = {
				ALWAYS_EMBED_SWIFT_STANDARD_LIBRARIES = YES;
				CODE_SIGN_STYLE = Automatic;
				DEVELOPMENT_TEAM = 7LU9NRX5C4;
				INFOPLIST_FILE = SwiftBasicsUITests/Info.plist;
				LD_RUNPATH_SEARCH_PATHS = (
					"$(inherited)",
					"@executable_path/Frameworks",
					"@loader_path/Frameworks",
				);
				PRODUCT_BUNDLE_IDENTIFIER = dev.rodni.ru.SwiftBasicsUITests;
				PRODUCT_NAME = "$(TARGET_NAME)";
				SWIFT_VERSION = 5.0;
				TARGETED_DEVICE_FAMILY = "1,2";
				TEST_TARGET_NAME = SwiftBasics;
			};
			name = Debug;
		};
		148C23B824BDABF500FFE744 /* Release */ = {
			isa = XCBuildConfiguration;
			buildSettings = {
				ALWAYS_EMBED_SWIFT_STANDARD_LIBRARIES = YES;
				CODE_SIGN_STYLE = Automatic;
				DEVELOPMENT_TEAM = 7LU9NRX5C4;
				INFOPLIST_FILE = SwiftBasicsUITests/Info.plist;
				LD_RUNPATH_SEARCH_PATHS = (
					"$(inherited)",
					"@executable_path/Frameworks",
					"@loader_path/Frameworks",
				);
				PRODUCT_BUNDLE_IDENTIFIER = dev.rodni.ru.SwiftBasicsUITests;
				PRODUCT_NAME = "$(TARGET_NAME)";
				SWIFT_VERSION = 5.0;
				TARGETED_DEVICE_FAMILY = "1,2";
				TEST_TARGET_NAME = SwiftBasics;
			};
			name = Release;
		};
/* End XCBuildConfiguration section */

/* Begin XCConfigurationList section */
		148C237E24BDABF400FFE744 /* Build configuration list for PBXProject "SwiftBasics" */ = {
			isa = XCConfigurationList;
			buildConfigurations = (
				148C23AE24BDABF500FFE744 /* Debug */,
				148C23AF24BDABF500FFE744 /* Release */,
			);
			defaultConfigurationIsVisible = 0;
			defaultConfigurationName = Release;
		};
		148C23B024BDABF500FFE744 /* Build configuration list for PBXNativeTarget "SwiftBasics" */ = {
			isa = XCConfigurationList;
			buildConfigurations = (
				148C23B124BDABF500FFE744 /* Debug */,
				148C23B224BDABF500FFE744 /* Release */,
			);
			defaultConfigurationIsVisible = 0;
			defaultConfigurationName = Release;
		};
		148C23B324BDABF500FFE744 /* Build configuration list for PBXNativeTarget "SwiftBasicsTests" */ = {
			isa = XCConfigurationList;
			buildConfigurations = (
				148C23B424BDABF500FFE744 /* Debug */,
				148C23B524BDABF500FFE744 /* Release */,
			);
			defaultConfigurationIsVisible = 0;
			defaultConfigurationName = Release;
		};
		148C23B624BDABF500FFE744 /* Build configuration list for PBXNativeTarget "SwiftBasicsUITests" */ = {
			isa = XCConfigurationList;
			buildConfigurations = (
				148C23B724BDABF500FFE744 /* Debug */,
				148C23B824BDABF500FFE744 /* Release */,
			);
			defaultConfigurationIsVisible = 0;
			defaultConfigurationName = Release;
		};
/* End XCConfigurationList section */

/* Begin XCVersionGroup section */
		148C238A24BDABF400FFE744 /* SwiftBasics.xcdatamodeld */ = {
			isa = XCVersionGroup;
			children = (
				148C238B24BDABF400FFE744 /* SwiftBasics.xcdatamodel */,
			);
			currentVersion = 148C238B24BDABF400FFE744 /* SwiftBasics.xcdatamodel */;
			path = SwiftBasics.xcdatamodeld;
			sourceTree = "<group>";
			versionGroupType = wrapper.xcdatamodel;
		};
/* End XCVersionGroup section */
	};
	rootObject = 148C237B24BDABF400FFE744 /* Project object */;
}
